
Microsoft Visual Studio Solution File, Format Version 12.00
# Visual Studio Version 16
VisualStudioVersion = 16.0.31624.102
MinimumVisualStudioVersion = 10.0.40219.1
Project("{FAE04EC0-301F-11D3-BF4B-00C04F79EFBC}") = "ReactIdentityTest", "ReactIdentityTest\ReactIdentityTest.csproj", "{6A1EB5E8-4DFA-4AF9-94A2-D148B1451B83}"
EndProject
Global
	GlobalSection(SolutionConfigurationPlatforms) = preSolution
		Debug|Any CPU = Debug|Any CPU
		Release|Any CPU = Release|Any CPU
	EndGlobalSection
	GlobalSection(ProjectConfigurationPlatforms) = postSolution
		{6A1EB5E8-4DFA-4AF9-94A2-D148B1451B83}.Debug|Any CPU.ActiveCfg = Debug|Any CPU
		{6A1EB5E8-4DFA-4AF9-94A2-D148B1451B83}.Debug|Any CPU.Build.0 = Debug|Any CPU
		{6A1EB5E8-4DFA-4AF9-94A2-D148B1451B83}.Release|Any CPU.ActiveCfg = Release|Any CPU
		{6A1EB5E8-4DFA-4AF9-94A2-D148B1451B83}.Release|Any CPU.Build.0 = Release|Any CPU
	EndGlobalSection
	GlobalSection(SolutionProperties) = preSolution
		HideSolutionNode = FALSE
	EndGlobalSection
	GlobalSection(ExtensibilityGlobals) = postSolution
		SolutionGuid = {9C0D28DD-37B0-42A8-A907-A7165862FBE3}
	EndGlobalSection
EndGlobal
